
Microsoft Visual Studio Solution File, Format Version 12.00
# Visual Studio Version 17
VisualStudioVersion = 17.3.32922.545
MinimumVisualStudioVersion = 10.0.40219.1
Project("{FAE04EC0-301F-11D3-BF4B-00C04F79EFBC}") = "EpicTicTacToe", "EpicTicTacToe.csproj", "{B7F07326-49A9-428D-9815-25DEDC02569C}"
EndProject
Global
	GlobalSection(SolutionConfigurationPlatforms) = preSolution
		Debug|Any CPU = Debug|Any CPU
		Release|Any CPU = Release|Any CPU
	EndGlobalSection
	GlobalSection(ProjectConfigurationPlatforms) = postSolution
		{B7F07326-49A9-428D-9815-25DEDC02569C}.Debug|Any CPU.ActiveCfg = Debug|Any CPU
		{B7F07326-49A9-428D-9815-25DEDC02569C}.Debug|Any CPU.Build.0 = Debug|Any CPU
		{B7F07326-49A9-428D-9815-25DEDC02569C}.Release|Any CPU.ActiveCfg = Release|Any CPU
		{B7F07326-49A9-428D-9815-25DEDC02569C}.Release|Any CPU.Build.0 = Release|Any CPU
	EndGlobalSection
	GlobalSection(SolutionProperties) = preSolution
		HideSolutionNode = FALSE
	EndGlobalSection
	GlobalSection(ExtensibilityGlobals) = postSolution
		SolutionGuid = {1E81B5B4-B552-4829-9FE8-B566C80F28B9}
	EndGlobalSection
EndGlobal
